
Microsoft Visual Studio Solution File, Format Version 12.00
# Visual Studio Version 17
VisualStudioVersion = 17.9.34728.123
MinimumVisualStudioVersion = 10.0.40219.1
Project("{FAE04EC0-301F-11D3-BF4B-00C04F79EFBC}") = "Assignment 7.1.2", "Assignment 7.1.2.csproj", "{AFE4B484-BA92-40C9-9178-937E477911E0}"
EndProject
Global
	GlobalSection(SolutionConfigurationPlatforms) = preSolution
		Debug|Any CPU = Debug|Any CPU
		Release|Any CPU = Release|Any CPU
	EndGlobalSection
	GlobalSection(ProjectConfigurationPlatforms) = postSolution
		{AFE4B484-BA92-40C9-9178-937E477911E0}.Debug|Any CPU.ActiveCfg = Debug|Any CPU
		{AFE4B484-BA92-40C9-9178-937E477911E0}.Debug|Any CPU.Build.0 = Debug|Any CPU
		{AFE4B484-BA92-40C9-9178-937E477911E0}.Release|Any CPU.ActiveCfg = Release|Any CPU
		{AFE4B484-BA92-40C9-9178-937E477911E0}.Release|Any CPU.Build.0 = Release|Any CPU
	EndGlobalSection
	GlobalSection(SolutionProperties) = preSolution
		HideSolutionNode = FALSE
	EndGlobalSection
	GlobalSection(ExtensibilityGlobals) = postSolution
		SolutionGuid = {F707F786-AACE-4387-95B7-D147FCB9A6B3}
	EndGlobalSection
EndGlobal
